{
    "requires": true,
    "lockfileVersion": 1,
    "dependencies": {
        "@uirouter/core": {
            "version": "5.0.21",
            "resolved": "https://registry.npmjs.org/@uirouter/core/-/core-5.0.21.tgz",
            "integrity": "sha512-QWHc0wT00qtYNkT0BXZaFNLLHZyux0qJjF8c2WklW5/Q0Z866NoJjJErEMWjQb/AR+olkR2NlfEEi8KTQU2OpA=="
        },
        "angular": {
            "version": "1.7.5",
            "resolved": "https://registry.npmjs.org/angular/-/angular-1.7.5.tgz",
            "integrity": "sha512-760183yxtGzni740IBTieNuWLtPNAoMqvmC0Z62UoU0I3nqk+VJuO3JbQAXOyvo3Oy/ZsdNQwrSTh/B0OQZjNw=="
        },
        "angular-base64-upload": {
            "version": "0.1.23",
            "resolved": "https://registry.npmjs.org/angular-base64-upload/-/angular-base64-upload-0.1.23.tgz",
            "integrity": "sha512-vRSY+7/pag2hEdTSB90LTvT5rU5XPxBNMA1WGz60pNSpChRUzf+h5FR9lObRcGg1WUOvlYinnvoPTD6Nktcx1g=="
        },
        "angular-file-upload": {
            "version": "2.5.0",
            "resolved": "https://registry.npmjs.org/angular-file-upload/-/angular-file-upload-2.5.0.tgz",
            "integrity": "sha1-D1PJP7xw7YuoNAqaKJumS2gOIWc="
        },
        "angular-ui-router": {
            "version": "1.0.20",
            "resolved": "https://registry.npmjs.org/angular-ui-router/-/angular-ui-router-1.0.20.tgz",
            "integrity": "sha512-D9Y+qOq6StinrlyeiHp7wbOBL5UbwaHW1dgpfQZ6fWuQ5Q5UOrJfe3S28XWDt8ybOKaUh2ds/IFXib5vCu8Opg==",
            "requires": {
                "@uirouter/core": "5.0.21"
            }
        },
        "bootstrap": {
            "version": "4.1.3",
            "resolved": "https://registry.npmjs.org/bootstrap/-/bootstrap-4.1.3.tgz",
            "integrity": "sha512-rDFIzgXcof0jDyjNosjv4Sno77X4KuPeFxG2XZZv1/Kc8DRVGVADdoQyyOVDwPqL36DDmtCQbrpMCqvpPLJQ0w==",
            "dev": true
        },
        "faye-websocket": {
            "version": "0.9.4",
            "resolved": "https://registry.npmjs.org/faye-websocket/-/faye-websocket-0.9.4.tgz",
            "integrity": "sha1-iFk0x57/sECVSeDAo4Ae0XpAza0=",
            "requires": {
                "websocket-driver": ">=0.5.1"
            }
        },
        "http-parser-js": {
            "version": "0.4.13",
            "resolved": "https://registry.npmjs.org/http-parser-js/-/http-parser-js-0.4.13.tgz",
            "integrity": "sha1-O9bW/ebjFyyTNMOzO2wZPYD+ETc="
        },
        "laravel-echo": {
            "version": "1.4.0",
            "resolved": "https://registry.npmjs.org/laravel-echo/-/laravel-echo-1.4.0.tgz",
            "integrity": "sha512-O0vkToCCpxuH9dYAlugTLQzG0BmxvGrjXim0LHZ0VPsFu/Y+sXnV9GvYbmcBq1rcJymQc/6GHMUCDY01lN26lQ=="
        },
        "ng-file-upload": {
            "version": "12.2.13",
            "resolved": "https://registry.npmjs.org/ng-file-upload/-/ng-file-upload-12.2.13.tgz",
            "integrity": "sha1-AYAPOHLlJvlTEPhHfpnk8S0NjRQ="
        },
        "pusher-js": {
            "version": "4.3.1",
            "resolved": "https://registry.npmjs.org/pusher-js/-/pusher-js-4.3.1.tgz",
            "integrity": "sha512-qs2SNG7eFyALKDCsHqeKh/i8B9uW7QoaSR3CeUJE2xjYjg5saUCgvYx3cHwXaVTSAP43nVNb0InDiX49wp42Qg==",
            "requires": {
                "faye-websocket": "0.9.4",
                "tweetnacl": "^1.0.0",
                "tweetnacl-util": "^0.15.0",
                "xmlhttprequest": "^1.8.0"
            }
        },
        "satellizer": {
            "version": "0.15.5",
            "resolved": "https://registry.npmjs.org/satellizer/-/satellizer-0.15.5.tgz",
            "integrity": "sha1-Q8k9LTYcS2ts+dBtI7iIEwK1V6Q="
        },
        "tweetnacl": {
            "version": "1.0.0",
            "resolved": "https://registry.npmjs.org/tweetnacl/-/tweetnacl-1.0.0.tgz",
            "integrity": "sha1-cT2LgY2kIGh0C/aDhtBHnmb8ins="
        },
        "tweetnacl-util": {
            "version": "0.15.0",
            "resolved": "https://registry.npmjs.org/tweetnacl-util/-/tweetnacl-util-0.15.0.tgz",
            "integrity": "sha1-RXbBzuXi1j0gf+5S8boCgZSAvHU="
        },
        "websocket-driver": {
            "version": "0.7.0",
            "resolved": "https://registry.npmjs.org/websocket-driver/-/websocket-driver-0.7.0.tgz",
            "integrity": "sha1-DK+dLXVdk67gSdS90NP+LMoqJOs=",
            "requires": {
                "http-parser-js": ">=0.4.0",
                "websocket-extensions": ">=0.1.1"
            }
        },
        "websocket-extensions": {
            "version": "0.1.3",
            "resolved": "https://registry.npmjs.org/websocket-extensions/-/websocket-extensions-0.1.3.tgz",
            "integrity": "sha512-nqHUnMXmBzT0w570r2JpJxfiSD1IzoI+HGVdd3aZ0yNi3ngvQ4jv1dtHt5VGxfI2yj5yqImPhOK4vmIh2xMbGg=="
        },
        "xmlhttprequest": {
            "version": "1.8.0",
            "resolved": "https://registry.npmjs.org/xmlhttprequest/-/xmlhttprequest-1.8.0.tgz",
            "integrity": "sha1-Z/4HXFwk/vOfnWX197f+dRcZaPw="
        }
    }
}
